
Microsoft Visual Studio Solution File, Format Version 12.00
# Visual Studio 2013
VisualStudioVersion = 12.0.31101.0
MinimumVisualStudioVersion = 10.0.40219.1
Project("{8BC9CEB8-8B4A-11D0-8D11-00A0C91BC942}") = "Items", "Items\Items.vcxproj", "{CFAE9BFA-6DD9-4C57-803D-FDE5A26C1C9E}"
EndProject
Project("{8BC9CEB8-8B4A-11D0-8D11-00A0C91BC942}") = "Dice", "Dice\Dice\Dice.vcxproj", "{FFB00785-7FC4-4FA0-B6BF-CEA2A3F87F11}"
EndProject
Global
	GlobalSection(SolutionConfigurationPlatforms) = preSolution
		Debug|Win32 = Debug|Win32
		Release|Win32 = Release|Win32
	EndGlobalSection
	GlobalSection(ProjectConfigurationPlatforms) = postSolution
		{CFAE9BFA-6DD9-4C57-803D-FDE5A26C1C9E}.Debug|Win32.ActiveCfg = Debug|Win32
		{CFAE9BFA-6DD9-4C57-803D-FDE5A26C1C9E}.Debug|Win32.Build.0 = Debug|Win32
		{CFAE9BFA-6DD9-4C57-803D-FDE5A26C1C9E}.Release|Win32.ActiveCfg = Release|Win32
		{CFAE9BFA-6DD9-4C57-803D-FDE5A26C1C9E}.Release|Win32.Build.0 = Release|Win32
		{FFB00785-7FC4-4FA0-B6BF-CEA2A3F87F11}.Debug|Win32.ActiveCfg = Debug|Win32
		{FFB00785-7FC4-4FA0-B6BF-CEA2A3F87F11}.Debug|Win32.Build.0 = Debug|Win32
		{FFB00785-7FC4-4FA0-B6BF-CEA2A3F87F11}.Release|Win32.ActiveCfg = Release|Win32
		{FFB00785-7FC4-4FA0-B6BF-CEA2A3F87F11}.Release|Win32.Build.0 = Release|Win32
	EndGlobalSection
	GlobalSection(SolutionProperties) = preSolution
		HideSolutionNode = FALSE
	EndGlobalSection
EndGlobal
