<?xml version="1.0" encoding="utf-8"?>
<Project ToolsVersion="4.0" xmlns="http://schemas.microsoft.com/developer/msbuild/2003">
  <ItemGroup>
    <Filter Include="Source Files">
      <UniqueIdentifier>{4FC737F1-C7A5-4376-A066-2A32D752A2FF}</UniqueIdentifier>
      <Extensions>cpp;c;cc;cxx;def;odl;idl;hpj;bat;asm;asmx</Extensions>
    </Filter>
    <Filter Include="Header Files">
      <UniqueIdentifier>{93995380-89BD-4b04-88EB-625FBE52EBFB}</UniqueIdentifier>
      <Extensions>h;hh;hpp;hxx;hm;inl;inc;xsd</Extensions>
    </Filter>
    <Filter Include="Resource Files">
      <UniqueIdentifier>{67DA6AB6-F800-4c08-8B7A-83BB121AAD01}</UniqueIdentifier>
      <Extensions>rc;ico;cur;bmp;dlg;rc2;rct;bin;rgs;gif;jpg;jpeg;jpe;resx;tiff;tif;png;wav;mfcribbon-ms</Extensions>
    </Filter>
    <Filter Include="Header Files\GameObjects">
      <UniqueIdentifier>{9723e1ab-2aa7-4203-a9b7-29b438724673}</UniqueIdentifier>
    </Filter>
    <Filter Include="Header Files\GameObjects\Textures">
      <UniqueIdentifier>{cea24b36-47b1-48db-84a1-abf5f0e66a44}</UniqueIdentifier>
    </Filter>
    <Filter Include="Header Files\GameObjects\Textures\Walls">
      <UniqueIdentifier>{6912a99f-bb11-42b7-85e8-a7cd23b8c4a4}</UniqueIdentifier>
    </Filter>
    <Filter Include="Source Files\GameObjects">
      <UniqueIdentifier>{b6891e34-ca20-44ca-8c18-e0cd9e9b0544}</UniqueIdentifier>
    </Filter>
    <Filter Include="Header Files\Map Builder">
      <UniqueIdentifier>{c81000fa-c012-4bf4-be24-eb43ea62f7d8}</UniqueIdentifier>
    </Filter>
    <Filter Include="Header Files\Graphics">
      <UniqueIdentifier>{377b019f-966e-433a-9600-125b8b403b1f}</UniqueIdentifier>
    </Filter>
    <Filter Include="Header Files\Helpers">
      <UniqueIdentifier>{fd394baa-be29-4ba0-92cb-814dd3274e0a}</UniqueIdentifier>
    </Filter>
    <Filter Include="Source Files\Map Builder">
      <UniqueIdentifier>{1dfff0b6-99cb-4c27-aff5-a4eaeb30a8aa}</UniqueIdentifier>
    </Filter>
    <Filter Include="Source Files\Graphics">
      <UniqueIdentifier>{f0c3d81e-1316-4aec-90ef-d8c75a92685e}</UniqueIdentifier>
    </Filter>
    <Filter Include="Source Files\Helpers">
      <UniqueIdentifier>{c506fd98-c37a-4331-ab86-73e026865da3}</UniqueIdentifier>
    </Filter>
    <Filter Include="Header Files\Constants">
      <UniqueIdentifier>{255758b4-c411-418b-a260-640e4491695d}</UniqueIdentifier>
    </Filter>
    <Filter Include="Source Files\CharacterBuilder">
      <UniqueIdentifier>{34780ac0-8de5-43b2-89e4-84516c4392cd}</UniqueIdentifier>
    </Filter>
    <Filter Include="Header Files\Characterbuilder">
      <UniqueIdentifier>{d03ae6d0-71d2-40d6-ae47-23d20641050f}</UniqueIdentifier>
    </Filter>
    <Filter Include="Header Files\Abstract Classes">
      <UniqueIdentifier>{4aef0b42-0a80-4765-8411-655bb4b96658}</UniqueIdentifier>
    </Filter>
    <Filter Include="Source Files\Abstract Classes">
      <UniqueIdentifier>{4c7088e9-fe26-4a38-81ca-c978187efef1}</UniqueIdentifier>
    </Filter>
    <Filter Include="Header Files\Character Strategy">
      <UniqueIdentifier>{f67fb53a-fb91-4549-b614-403377c503c2}</UniqueIdentifier>
    </Filter>
    <Filter Include="Source Files\Character Strategy">
      <UniqueIdentifier>{90cbc0c3-f31d-4239-a7ce-cc0cfc67c21d}</UniqueIdentifier>
    </Filter>
  </ItemGroup>
  <ItemGroup>
    <ClInclude Include="src\Map.h">
      <Filter>Header Files</Filter>
    </ClInclude>
    <ClInclude Include="src\ItemContainer.h">
      <Filter>Header Files</Filter>
    </ClInclude>
    <ClInclude Include="src\Enhancement.h">
      <Filter>Header Files</Filter>
    </ClInclude>
    <ClInclude Include="src\GrassTexture.h">
      <Filter>Header Files\GameObjects\Textures</Filter>
    </ClInclude>
    <ClInclude Include="src\WaterTexture.h">
      <Filter>Header Files\GameObjects\Textures\Walls</Filter>
    </ClInclude>
    <ClInclude Include="src\BrickTexture.h">
      <Filter>Header Files\GameObjects\Textures\Walls</Filter>
    </ClInclude>
    <ClInclude Include="src\TreeTexture.h">
      <Filter>Header Files\GameObjects\Textures\Walls</Filter>
    </ClInclude>
    <ClInclude Include="src\Markup.h">
      <Filter>Header Files</Filter>
    </ClInclude>
    <ClInclude Include="src\Character.h">
      <Filter>Header Files</Filter>
    </ClInclude>
    <ClInclude Include="src\Door.h">
      <Filter>Header Files\GameObjects</Filter>
    </ClInclude>
    <ClInclude Include="src\Fighter.h">
      <Filter>Header Files\GameObjects</Filter>
    </ClInclude>
    <ClInclude Include="src\GameObject.h">
      <Filter>Header Files\GameObjects</Filter>
    </ClInclude>
    <ClInclude Include="src\Enemy.h">
      <Filter>Header Files\GameObjects</Filter>
    </ClInclude>
    <ClInclude Include="src\Chest.h">
      <Filter>Header Files</Filter>
    </ClInclude>
    <ClInclude Include="src\Dice.h">
      <Filter>Header Files</Filter>
    </ClInclude>
    <ClInclude Include="src\FileMapBuilder.h">
      <Filter>Header Files\Map Builder</Filter>
    </ClInclude>
    <ClInclude Include="src\MapBuildDirector.h">
      <Filter>Header Files\Map Builder</Filter>
    </ClInclude>
    <ClInclude Include="src\SavedMapBuilder.h">
      <Filter>Header Files\Map Builder</Filter>
    </ClInclude>
    <ClInclude Include="src\Observable.h">
      <Filter>Header Files\Abstract Classes</Filter>
    </ClInclude>
    <ClInclude Include="src\Observer.h">
      <Filter>Header Files\Abstract Classes</Filter>
    </ClInclude>
    <ClInclude Include="src\Game.h">
      <Filter>Header Files\Graphics</Filter>
    </ClInclude>
    <ClInclude Include="src\TileMap.h">
      <Filter>Header Files\Graphics</Filter>
    </ClInclude>
    <ClInclude Include="src\StatisticsHelper.h">
      <Filter>Header Files\Helpers</Filter>
    </ClInclude>
    <ClInclude Include="src\ItemPanel.h">
      <Filter>Header Files\Graphics</Filter>
    </ClInclude>
    <ClInclude Include="src\Item.h">
      <Filter>Header Files</Filter>
    </ClInclude>
    <ClInclude Include="src\Friend.h">
      <Filter>Header Files\GameObjects</Filter>
    </ClInclude>
    <ClInclude Include="src\ObjectTypes.h">
      <Filter>Header Files\Constants</Filter>
    </ClInclude>
    <ClInclude Include="src\TileTypes.h">
      <Filter>Header Files\Constants</Filter>
    </ClInclude>
    <ClInclude Include="src\ItemTypes.h">
      <Filter>Header Files\Constants</Filter>
    </ClInclude>
    <ClInclude Include="src\EnhancementTypes.h">
      <Filter>Header Files\Constants</Filter>
    </ClInclude>
    <ClInclude Include="src\AbilityModifierTypes.h">
      <Filter>Header Files\Constants</Filter>
    </ClInclude>
    <ClInclude Include="src\CharacterEquipEnum.h">
      <Filter>Header Files\Constants</Filter>
    </ClInclude>
    <ClInclude Include="src\Campaign.h">
      <Filter>Header Files</Filter>
    </ClInclude>
    <ClInclude Include="src\CharacterCreater.h">
      <Filter>Header Files\Characterbuilder</Filter>
    </ClInclude>
    <ClInclude Include="src\Bully.h">
      <Filter>Header Files\Characterbuilder</Filter>
    </ClInclude>
    <ClInclude Include="src\Nimble.h">
      <Filter>Header Files\Characterbuilder</Filter>
    </ClInclude>
    <ClInclude Include="src\Tank.h">
      <Filter>Header Files\Characterbuilder</Filter>
    </ClInclude>
    <ClInclude Include="src\CharacterBuilder.h">
      <Filter>Header Files\Abstract Classes</Filter>
    </ClInclude>
    <ClInclude Include="src\HumanPlayerStrategy.h">
      <Filter>Header Files\Character Strategy</Filter>
    </ClInclude>
    <ClInclude Include="src\Strategy.h">
      <Filter>Header Files\Abstract Classes</Filter>
    </ClInclude>
    <ClInclude Include="src\AgressorStrategy.h">
      <Filter>Header Files\Character Strategy</Filter>
    </ClInclude>
    <ClInclude Include="src\FriendlyStrategy.h">
      <Filter>Header Files\Character Strategy</Filter>
    </ClInclude>
    <ClInclude Include="src\pos.h">
      <Filter>Header Files\Helpers</Filter>
    </ClInclude>
    <ClInclude Include="src\MapBuilder.h">
      <Filter>Header Files\Abstract Classes</Filter>
    </ClInclude>
    <ClInclude Include="src\PlayerActionTypes.h">
      <Filter>Header Files\Constants</Filter>
    </ClInclude>
    <ClInclude Include="src\CharacterSpriteTypes.h">
      <Filter>Header Files\Constants</Filter>
    </ClInclude>
    <ClInclude Include="src\MathHelper.h">
      <Filter>Header Files\Helpers</Filter>
    </ClInclude>
    <ClInclude Include="src\CharacterType.h">
      <Filter>Header Files\Constants</Filter>
    </ClInclude>
    <ClInclude Include="src\ItemDecorator.h">
      <Filter>Header Files</Filter>
    </ClInclude>
  </ItemGroup>
  <ItemGroup>
    <ClCompile Include="src\Map.cpp">
      <Filter>Source Files</Filter>
    </ClCompile>
    <ClCompile Include="src\ItemContainer.cpp">
      <Filter>Source Files</Filter>
    </ClCompile>
    <ClCompile Include="src\Character.cpp">
      <Filter>Source Files</Filter>
    </ClCompile>
    <ClCompile Include="src\Enhancement.cpp">
      <Filter>Source Files</Filter>
    </ClCompile>
    <ClCompile Include="src\Fighter.cpp">
      <Filter>Source Files\GameObjects</Filter>
    </ClCompile>
    <ClCompile Include="src\Enemy.cpp">
      <Filter>Source Files\GameObjects</Filter>
    </ClCompile>
    <ClCompile Include="src\GameObject.cpp">
      <Filter>Source Files\GameObjects</Filter>
    </ClCompile>
    <ClCompile Include="src\Door.cpp">
      <Filter>Source Files\GameObjects</Filter>
    </ClCompile>
    <ClCompile Include="src\Main.cpp">
      <Filter>Source Files</Filter>
    </ClCompile>
    <ClCompile Include="src\Chest.cpp">
      <Filter>Source Files</Filter>
    </ClCompile>
    <ClCompile Include="src\Dice.cpp">
      <Filter>Source Files</Filter>
    </ClCompile>
    <ClCompile Include="src\FileMapBuilder.cpp">
      <Filter>Source Files\Map Builder</Filter>
    </ClCompile>
    <ClCompile Include="src\MapBuildDirector.cpp">
      <Filter>Source Files\Map Builder</Filter>
    </ClCompile>
    <ClCompile Include="src\SavedMapBuilder.cpp">
      <Filter>Source Files\Map Builder</Filter>
    </ClCompile>
    <ClCompile Include="src\Observable.cpp">
      <Filter>Source Files\Abstract Classes</Filter>
    </ClCompile>
    <ClCompile Include="src\Observer.cpp">
      <Filter>Source Files\Abstract Classes</Filter>
    </ClCompile>
    <ClCompile Include="src\Game.cpp">
      <Filter>Source Files\Graphics</Filter>
    </ClCompile>
    <ClCompile Include="src\TileMap.cpp">
      <Filter>Source Files\Graphics</Filter>
    </ClCompile>
    <ClCompile Include="src\StatisticsHelper.cpp">
      <Filter>Source Files\Helpers</Filter>
    </ClCompile>
    <ClCompile Include="src\Markup.cpp">
      <Filter>Source Files\Helpers</Filter>
    </ClCompile>
    <ClCompile Include="src\ItemPanel.cpp">
      <Filter>Source Files\Graphics</Filter>
    </ClCompile>
    <ClCompile Include="src\Item.cpp">
      <Filter>Source Files</Filter>
    </ClCompile>
    <ClCompile Include="src\Friend.cpp">
      <Filter>Source Files\GameObjects</Filter>
    </ClCompile>
    <ClCompile Include="src\Campaign.cpp">
      <Filter>Source Files</Filter>
    </ClCompile>
    <ClCompile Include="src\CharacterCreater.cpp">
      <Filter>Source Files\CharacterBuilder</Filter>
    </ClCompile>
    <ClCompile Include="src\CharacterBuilder.cpp">
      <Filter>Source Files\CharacterBuilder</Filter>
    </ClCompile>
    <ClCompile Include="src\AgressorStrategy.cpp">
      <Filter>Source Files\Character Strategy</Filter>
    </ClCompile>
    <ClCompile Include="src\FriendlyStrategy.cpp">
      <Filter>Source Files\Character Strategy</Filter>
    </ClCompile>
    <ClCompile Include="src\HumanPlayerStartegy.cpp">
      <Filter>Source Files\Character Strategy</Filter>
    </ClCompile>
    <ClCompile Include="src\MathHelper.cpp">
      <Filter>Source Files\Helpers</Filter>
    </ClCompile>
    <ClCompile Include="src\ItemDecorator.cpp">
      <Filter>Source Files</Filter>
    </ClCompile>
  </ItemGroup>
</Project>